
Microsoft Visual Studio Solution File, Format Version 12.00
# Visual Studio 15
VisualStudioVersion = 15.0.28307.438
MinimumVisualStudioVersion = 10.0.40219.1
Project("{8BC9CEB8-8B4A-11D0-8D11-00A0C91BC942}") = "loki", "loki\loki.vcxproj", "{E4674CE6-B1BA-4BB0-B164-3177AFC2C5BF}"
EndProject
Project("{8BC9CEB8-8B4A-11D0-8D11-00A0C91BC942}") = "Sandbox", "Sandbox\Sandbox.vcxproj", "{4AF330A9-D0EA-4C44-8055-273C5861680A}"
EndProject
Global
	GlobalSection(SolutionConfigurationPlatforms) = preSolution
		Debug|x64 = Debug|x64
		Debug|x86 = Debug|x86
		Release|x64 = Release|x64
		Release|x86 = Release|x86
	EndGlobalSection
	GlobalSection(ProjectConfigurationPlatforms) = postSolution
		{E4674CE6-B1BA-4BB0-B164-3177AFC2C5BF}.Debug|x64.ActiveCfg = Debug|x64
		{E4674CE6-B1BA-4BB0-B164-3177AFC2C5BF}.Debug|x64.Build.0 = Debug|x64
		{E4674CE6-B1BA-4BB0-B164-3177AFC2C5BF}.Debug|x86.ActiveCfg = Debug|Win32
		{E4674CE6-B1BA-4BB0-B164-3177AFC2C5BF}.Debug|x86.Build.0 = Debug|Win32
		{E4674CE6-B1BA-4BB0-B164-3177AFC2C5BF}.Release|x64.ActiveCfg = Release|x64
		{E4674CE6-B1BA-4BB0-B164-3177AFC2C5BF}.Release|x64.Build.0 = Release|x64
		{E4674CE6-B1BA-4BB0-B164-3177AFC2C5BF}.Release|x86.ActiveCfg = Release|Win32
		{E4674CE6-B1BA-4BB0-B164-3177AFC2C5BF}.Release|x86.Build.0 = Release|Win32
		{4AF330A9-D0EA-4C44-8055-273C5861680A}.Debug|x64.ActiveCfg = Debug|x64
		{4AF330A9-D0EA-4C44-8055-273C5861680A}.Debug|x64.Build.0 = Debug|x64
		{4AF330A9-D0EA-4C44-8055-273C5861680A}.Debug|x86.ActiveCfg = Debug|Win32
		{4AF330A9-D0EA-4C44-8055-273C5861680A}.Debug|x86.Build.0 = Debug|Win32
		{4AF330A9-D0EA-4C44-8055-273C5861680A}.Release|x64.ActiveCfg = Release|x64
		{4AF330A9-D0EA-4C44-8055-273C5861680A}.Release|x64.Build.0 = Release|x64
		{4AF330A9-D0EA-4C44-8055-273C5861680A}.Release|x86.ActiveCfg = Release|Win32
		{4AF330A9-D0EA-4C44-8055-273C5861680A}.Release|x86.Build.0 = Release|Win32
	EndGlobalSection
	GlobalSection(SolutionProperties) = preSolution
		HideSolutionNode = FALSE
	EndGlobalSection
	GlobalSection(ExtensibilityGlobals) = postSolution
		SolutionGuid = {69C201DC-5FFB-4F25-B53A-B00B320FBED9}
	EndGlobalSection
EndGlobal
